// !$*UTF8*$!
{
	archiveVersion = 1;
	classes = {
	};
	objectVersion = 48;
	objects = {

/* Begin PBXBuildFile section */
		AA5F8EF0203CA24700C629F9 /* LinkedList.cpp in Sources */ = {isa = PBXBuildFile; fileRef = AA5F8EEE203CA24700C629F9 /* LinkedList.cpp */; };
		AA5F8EF3203CAEFD00C629F9 /* LinkedListTester.cpp in Sources */ = {isa = PBXBuildFile; fileRef = AA5F8EF1203CAEFD00C629F9 /* LinkedListTester.cpp */; };
		AA95981B202A33AD00F30EE7 /* ArrayTester.cpp in Sources */ = {isa = PBXBuildFile; fileRef = AA959819202A33AD00F30EE7 /* ArrayTester.cpp */; };
		AA95981F202A441E00F30EE7 /* Node.cpp in Sources */ = {isa = PBXBuildFile; fileRef = AA95981D202A441E00F30EE7 /* Node.cpp */; };
		AA959822202A470300F30EE7 /* LinearNode.cpp in Sources */ = {isa = PBXBuildFile; fileRef = AA959820202A470300F30EE7 /* LinearNode.cpp */; };
		AA9FF5D1202CE1AA00E7E53A /* List.cpp in Sources */ = {isa = PBXBuildFile; fileRef = AA9FF5CF202CE1AA00E7E53A /* List.cpp */; };
		AAE4BCFB204490EF00890379 /* DoubleNode.cpp in Sources */ = {isa = PBXBuildFile; fileRef = AAE4BCF9204490EF00890379 /* DoubleNode.cpp */; };
		AAE4BCFE20449A2300890379 /* CircularList.cpp in Sources */ = {isa = PBXBuildFile; fileRef = AAE4BCFC20449A2300890379 /* CircularList.cpp */; };
		AAFE68C42022440F0092AEA5 /* Controller.cpp in Sources */ = {isa = PBXBuildFile; fileRef = AAFE68C22022440F0092AEA5 /* Controller.cpp */; };
		AAFE68C62022441C0092AEA5 /* Runner.cpp in Sources */ = {isa = PBXBuildFile; fileRef = AAFE68C52022441C0092AEA5 /* Runner.cpp */; };
		AAFE68C9202246D10092AEA5 /* Timer.cpp in Sources */ = {isa = PBXBuildFile; fileRef = AAFE68C7202246D10092AEA5 /* Timer.cpp */; };
		AAFE68D220224FD20092AEA5 /* FileController.cpp in Sources */ = {isa = PBXBuildFile; fileRef = AAFE68D020224FD20092AEA5 /* FileController.cpp */; };
		AAFE68ED202255EB0092AEA5 /* CrimeData.cpp in Sources */ = {isa = PBXBuildFile; fileRef = AAFE68EB202255EB0092AEA5 /* CrimeData.cpp */; };
/* End PBXBuildFile section */

/* Begin PBXCopyFilesBuildPhase section */
		AAFE68B5202243600092AEA5 /* CopyFiles */ = {
			isa = PBXCopyFilesBuildPhase;
			buildActionMask = 2147483647;
			dstPath = /usr/share/man/man1/;
			dstSubfolderSpec = 0;
			files = (
			);
			runOnlyForDeploymentPostprocessing = 1;
		};
/* End PBXCopyFilesBuildPhase section */

/* Begin PBXFileReference section */
		AA3D4C64203F4A2700BADF21 /* Stack.hpp */ = {isa = PBXFileReference; lastKnownFileType = sourcecode.cpp.h; path = Stack.hpp; sourceTree = "<group>"; };
		AA3D4C67203F4DD400BADF21 /* Queue.hpp */ = {isa = PBXFileReference; lastKnownFileType = sourcecode.cpp.h; path = Queue.hpp; sourceTree = "<group>"; };
		AA5F8EEE203CA24700C629F9 /* LinkedList.cpp */ = {isa = PBXFileReference; lastKnownFileType = sourcecode.cpp.cpp; path = LinkedList.cpp; sourceTree = "<group>"; };
		AA5F8EEF203CA24700C629F9 /* LinkedList.hpp */ = {isa = PBXFileReference; lastKnownFileType = sourcecode.cpp.h; path = LinkedList.hpp; sourceTree = "<group>"; };
		AA5F8EF1203CAEFD00C629F9 /* LinkedListTester.cpp */ = {isa = PBXFileReference; lastKnownFileType = sourcecode.cpp.cpp; path = LinkedListTester.cpp; sourceTree = "<group>"; };
		AA5F8EF2203CAEFD00C629F9 /* LinkedListTester.hpp */ = {isa = PBXFileReference; lastKnownFileType = sourcecode.cpp.h; path = LinkedListTester.hpp; sourceTree = "<group>"; };
		AA7C87FA2024EDD2000575E8 /* Array.hpp */ = {isa = PBXFileReference; lastKnownFileType = sourcecode.cpp.h; path = Array.hpp; sourceTree = "<group>"; };
		AA959819202A33AD00F30EE7 /* ArrayTester.cpp */ = {isa = PBXFileReference; lastKnownFileType = sourcecode.cpp.cpp; path = ArrayTester.cpp; sourceTree = "<group>"; };
		AA95981A202A33AD00F30EE7 /* ArrayTester.hpp */ = {isa = PBXFileReference; lastKnownFileType = sourcecode.cpp.h; path = ArrayTester.hpp; sourceTree = "<group>"; };
		AA95981D202A441E00F30EE7 /* Node.cpp */ = {isa = PBXFileReference; lastKnownFileType = sourcecode.cpp.cpp; path = Node.cpp; sourceTree = "<group>"; };
		AA95981E202A441E00F30EE7 /* Node.hpp */ = {isa = PBXFileReference; lastKnownFileType = sourcecode.cpp.h; path = Node.hpp; sourceTree = "<group>"; };
		AA959820202A470300F30EE7 /* LinearNode.cpp */ = {isa = PBXFileReference; lastKnownFileType = sourcecode.cpp.cpp; path = LinearNode.cpp; sourceTree = "<group>"; };
		AA959821202A470300F30EE7 /* LinearNode.hpp */ = {isa = PBXFileReference; lastKnownFileType = sourcecode.cpp.h; path = LinearNode.hpp; sourceTree = "<group>"; };
		AA9FF5CF202CE1AA00E7E53A /* List.cpp */ = {isa = PBXFileReference; lastKnownFileType = sourcecode.cpp.cpp; path = List.cpp; sourceTree = "<group>"; };
		AA9FF5D0202CE1AA00E7E53A /* List.hpp */ = {isa = PBXFileReference; lastKnownFileType = sourcecode.cpp.h; path = List.hpp; sourceTree = "<group>"; };
		AAE4BCF9204490EF00890379 /* DoubleNode.cpp */ = {isa = PBXFileReference; lastKnownFileType = sourcecode.cpp.cpp; path = DoubleNode.cpp; sourceTree = "<group>"; };
		AAE4BCFA204490EF00890379 /* DoubleNode.hpp */ = {isa = PBXFileReference; lastKnownFileType = sourcecode.cpp.h; path = DoubleNode.hpp; sourceTree = "<group>"; };
		AAE4BCFC20449A2300890379 /* CircularList.cpp */ = {isa = PBXFileReference; lastKnownFileType = sourcecode.cpp.cpp; path = CircularList.cpp; sourceTree = "<group>"; };
		AAE4BCFD20449A2300890379 /* CircularList.hpp */ = {isa = PBXFileReference; lastKnownFileType = sourcecode.cpp.h; path = CircularList.hpp; sourceTree = "<group>"; };
		AAFE68B7202243600092AEA5 /* dataStructures */ = {isa = PBXFileReference; explicitFileType = "compiled.mach-o.executable"; includeInIndex = 0; path = dataStructures; sourceTree = BUILT_PRODUCTS_DIR; };
		AAFE68C22022440F0092AEA5 /* Controller.cpp */ = {isa = PBXFileReference; lastKnownFileType = sourcecode.cpp.cpp; path = Controller.cpp; sourceTree = "<group>"; };
		AAFE68C32022440F0092AEA5 /* Controller.hpp */ = {isa = PBXFileReference; lastKnownFileType = sourcecode.cpp.h; path = Controller.hpp; sourceTree = "<group>"; };
		AAFE68C52022441C0092AEA5 /* Runner.cpp */ = {isa = PBXFileReference; lastKnownFileType = sourcecode.cpp.cpp; path = Runner.cpp; sourceTree = "<group>"; };
		AAFE68C7202246D10092AEA5 /* Timer.cpp */ = {isa = PBXFileReference; lastKnownFileType = sourcecode.cpp.cpp; path = Timer.cpp; sourceTree = "<group>"; };
		AAFE68C8202246D10092AEA5 /* Timer.hpp */ = {isa = PBXFileReference; lastKnownFileType = sourcecode.cpp.h; path = Timer.hpp; sourceTree = "<group>"; };
		AAFE68D020224FD20092AEA5 /* FileController.cpp */ = {isa = PBXFileReference; lastKnownFileType = sourcecode.cpp.cpp; path = FileController.cpp; sourceTree = "<group>"; };
		AAFE68D120224FD20092AEA5 /* FileController.hpp */ = {isa = PBXFileReference; lastKnownFileType = sourcecode.cpp.h; path = FileController.hpp; sourceTree = "<group>"; };
		AAFE68EA202255EB0092AEA5 /* CrimeData.hpp */ = {isa = PBXFileReference; fileEncoding = 4; lastKnownFileType = sourcecode.cpp.h; path = CrimeData.hpp; sourceTree = "<group>"; };
		AAFE68EB202255EB0092AEA5 /* CrimeData.cpp */ = {isa = PBXFileReference; fileEncoding = 4; lastKnownFileType = sourcecode.cpp.cpp; path = CrimeData.cpp; sourceTree = "<group>"; };
		AAFE68EC202255EB0092AEA5 /* crime.csv */ = {isa = PBXFileReference; fileEncoding = 4; lastKnownFileType = text; path = crime.csv; sourceTree = "<group>"; };
/* End PBXFileReference section */

/* Begin PBXFrameworksBuildPhase section */
		AAFE68B4202243600092AEA5 /* Frameworks */ = {
			isa = PBXFrameworksBuildPhase;
			buildActionMask = 2147483647;
			files = (
			);
			runOnlyForDeploymentPostprocessing = 0;
		};
/* End PBXFrameworksBuildPhase section */

/* Begin PBXGroup section */
		AA3D4C62203F496000BADF21 /* Linear */ = {
			isa = PBXGroup;
			children = (
				AA9FF5D0202CE1AA00E7E53A /* List.hpp */,
				AA5F8EEF203CA24700C629F9 /* LinkedList.hpp */,
				AA7C87FA2024EDD2000575E8 /* Array.hpp */,
				AA3D4C64203F4A2700BADF21 /* Stack.hpp */,
				AA3D4C67203F4DD400BADF21 /* Queue.hpp */,
				AAE4BCFC20449A2300890379 /* CircularList.cpp */,
				AAE4BCFD20449A2300890379 /* CircularList.hpp */,
			);
			path = Linear;
			sourceTree = "<group>";
		};
		AA7C87F72024ED8F000575E8 /* Model */ = {
			isa = PBXGroup;
			children = (
				AA95981C202A43FD00F30EE7 /* Node */,
				AA7C87F82024EDB6000575E8 /* Structures */,
			);
			path = Model;
			sourceTree = "<group>";
		};
		AA7C87F82024EDB6000575E8 /* Structures */ = {
			isa = PBXGroup;
			children = (
				AA3D4C62203F496000BADF21 /* Linear */,
				AA9FF5CF202CE1AA00E7E53A /* List.cpp */,
				AA5F8EEE203CA24700C629F9 /* LinkedList.cpp */,
			);
			path = Structures;
			sourceTree = "<group>";
		};
		AA959818202A338700F30EE7 /* Testers */ = {
			isa = PBXGroup;
			children = (
				AA959819202A33AD00F30EE7 /* ArrayTester.cpp */,
				AA95981A202A33AD00F30EE7 /* ArrayTester.hpp */,
				AA5F8EF1203CAEFD00C629F9 /* LinkedListTester.cpp */,
				AA5F8EF2203CAEFD00C629F9 /* LinkedListTester.hpp */,
			);
			path = Testers;
			sourceTree = "<group>";
		};
		AA95981C202A43FD00F30EE7 /* Node */ = {
			isa = PBXGroup;
			children = (
				AA95981D202A441E00F30EE7 /* Node.cpp */,
				AA95981E202A441E00F30EE7 /* Node.hpp */,
				AA959820202A470300F30EE7 /* LinearNode.cpp */,
				AA959821202A470300F30EE7 /* LinearNode.hpp */,
				AAE4BCF9204490EF00890379 /* DoubleNode.cpp */,
				AAE4BCFA204490EF00890379 /* DoubleNode.hpp */,
			);
			path = Node;
			sourceTree = "<group>";
		};
		AAFE68AE202243600092AEA5 = {
			isa = PBXGroup;
			children = (
				AAFE68B9202243600092AEA5 /* dataStructures */,
				AAFE68B8202243600092AEA5 /* Products */,
			);
			sourceTree = "<group>";
		};
		AAFE68B8202243600092AEA5 /* Products */ = {
			isa = PBXGroup;
			children = (
				AAFE68B7202243600092AEA5 /* dataStructures */,
			);
			name = Products;
			sourceTree = "<group>";
		};
		AAFE68B9202243600092AEA5 /* dataStructures */ = {
			isa = PBXGroup;
			children = (
				AA959818202A338700F30EE7 /* Testers */,
				AA7C87F72024ED8F000575E8 /* Model */,
				AAFE68E2202254990092AEA5 /* Data */,
				AAFE68C1202243FE0092AEA5 /* Controller */,
				AAFE68C52022441C0092AEA5 /* Runner.cpp */,
			);
			path = dataStructures;
			sourceTree = "<group>";
		};
		AAFE68C1202243FE0092AEA5 /* Controller */ = {
			isa = PBXGroup;
			children = (
				AAFE68CA202247260092AEA5 /* Tools */,
				AAFE68C22022440F0092AEA5 /* Controller.cpp */,
				AAFE68C32022440F0092AEA5 /* Controller.hpp */,
				AAFE68D020224FD20092AEA5 /* FileController.cpp */,
				AAFE68D120224FD20092AEA5 /* FileController.hpp */,
			);
			path = Controller;
			sourceTree = "<group>";
		};
		AAFE68CA202247260092AEA5 /* Tools */ = {
			isa = PBXGroup;
			children = (
				AAFE68C7202246D10092AEA5 /* Timer.cpp */,
				AAFE68C8202246D10092AEA5 /* Timer.hpp */,
			);
			path = Tools;
			sourceTree = "<group>";
		};
		AAFE68E2202254990092AEA5 /* Data */ = {
			isa = PBXGroup;
			children = (
				AAFE68EC202255EB0092AEA5 /* crime.csv */,
				AAFE68EB202255EB0092AEA5 /* CrimeData.cpp */,
				AAFE68EA202255EB0092AEA5 /* CrimeData.hpp */,
			);
			path = Data;
			sourceTree = "<group>";
		};
/* End PBXGroup section */

/* Begin PBXNativeTarget section */
		AAFE68B6202243600092AEA5 /* dataStructures */ = {
			isa = PBXNativeTarget;
			buildConfigurationList = AAFE68BE202243600092AEA5 /* Build configuration list for PBXNativeTarget "dataStructures" */;
			buildPhases = (
				AAFE68B3202243600092AEA5 /* Sources */,
				AAFE68B4202243600092AEA5 /* Frameworks */,
				AAFE68B5202243600092AEA5 /* CopyFiles */,
			);
			buildRules = (
			);
			dependencies = (
			);
			name = dataStructures;
			productName = dataStructures;
			productReference = AAFE68B7202243600092AEA5 /* dataStructures */;
			productType = "com.apple.product-type.tool";
		};
/* End PBXNativeTarget section */

/* Begin PBXProject section */
		AAFE68AF202243600092AEA5 /* Project object */ = {
			isa = PBXProject;
			attributes = {
				LastUpgradeCheck = 0900;
				ORGANIZATIONNAME = CTEC;
				TargetAttributes = {
					AAFE68B6202243600092AEA5 = {
						CreatedOnToolsVersion = 9.0;
						ProvisioningStyle = Automatic;
					};
				};
			};
			buildConfigurationList = AAFE68B2202243600092AEA5 /* Build configuration list for PBXProject "dataStructures" */;
			compatibilityVersion = "Xcode 8.0";
			developmentRegion = en;
			hasScannedForEncodings = 0;
			knownRegions = (
				en,
			);
			mainGroup = AAFE68AE202243600092AEA5;
			productRefGroup = AAFE68B8202243600092AEA5 /* Products */;
			projectDirPath = "";
			projectRoot = "";
			targets = (
				AAFE68B6202243600092AEA5 /* dataStructures */,
			);
		};
/* End PBXProject section */

/* Begin PBXSourcesBuildPhase section */
		AAFE68B3202243600092AEA5 /* Sources */ = {
			isa = PBXSourcesBuildPhase;
			buildActionMask = 2147483647;
			files = (
				AA9FF5D1202CE1AA00E7E53A /* List.cpp in Sources */,
				AA959822202A470300F30EE7 /* LinearNode.cpp in Sources */,
				AA5F8EF0203CA24700C629F9 /* LinkedList.cpp in Sources */,
				AAFE68C9202246D10092AEA5 /* Timer.cpp in Sources */,
				AAE4BCFB204490EF00890379 /* DoubleNode.cpp in Sources */,
				AA95981F202A441E00F30EE7 /* Node.cpp in Sources */,
				AAFE68ED202255EB0092AEA5 /* CrimeData.cpp in Sources */,
				AAE4BCFE20449A2300890379 /* CircularList.cpp in Sources */,
				AAFE68C42022440F0092AEA5 /* Controller.cpp in Sources */,
				AAFE68C62022441C0092AEA5 /* Runner.cpp in Sources */,
				AA5F8EF3203CAEFD00C629F9 /* LinkedListTester.cpp in Sources */,
				AAFE68D220224FD20092AEA5 /* FileController.cpp in Sources */,
				AA95981B202A33AD00F30EE7 /* ArrayTester.cpp in Sources */,
			);
			runOnlyForDeploymentPostprocessing = 0;
		};
/* End PBXSourcesBuildPhase section */

/* Begin XCBuildConfiguration section */
		AAFE68BC202243600092AEA5 /* Debug */ = {
			isa = XCBuildConfiguration;
			buildSettings = {
				ALWAYS_SEARCH_USER_PATHS = NO;
				CLANG_ANALYZER_NONNULL = YES;
				CLANG_ANALYZER_NUMBER_OBJECT_CONVERSION = YES_AGGRESSIVE;
				CLANG_CXX_LANGUAGE_STANDARD = "gnu++14";
				CLANG_CXX_LIBRARY = "libc++";
				CLANG_ENABLE_MODULES = YES;
				CLANG_ENABLE_OBJC_ARC = YES;
				CLANG_WARN_BLOCK_CAPTURE_AUTORELEASING = YES;
				CLANG_WARN_BOOL_CONVERSION = YES;
				CLANG_WARN_COMMA = YES;
				CLANG_WARN_CONSTANT_CONVERSION = YES;
				CLANG_WARN_DIRECT_OBJC_ISA_USAGE = YES_ERROR;
				CLANG_WARN_DOCUMENTATION_COMMENTS = YES;
				CLANG_WARN_EMPTY_BODY = YES;
				CLANG_WARN_ENUM_CONVERSION = YES;
				CLANG_WARN_INFINITE_RECURSION = YES;
				CLANG_WARN_INT_CONVERSION = YES;
				CLANG_WARN_NON_LITERAL_NULL_CONVERSION = YES;
				CLANG_WARN_OBJC_LITERAL_CONVERSION = YES;
				CLANG_WARN_OBJC_ROOT_CLASS = YES_ERROR;
				CLANG_WARN_RANGE_LOOP_ANALYSIS = YES;
				CLANG_WARN_STRICT_PROTOTYPES = YES;
				CLANG_WARN_SUSPICIOUS_MOVE = YES;
				CLANG_WARN_UNGUARDED_AVAILABILITY = YES_AGGRESSIVE;
				CLANG_WARN_UNREACHABLE_CODE = YES;
				CLANG_WARN__DUPLICATE_METHOD_MATCH = YES;
				CODE_SIGN_IDENTITY = "-";
				COPY_PHASE_STRIP = NO;
				DEBUG_INFORMATION_FORMAT = dwarf;
				ENABLE_STRICT_OBJC_MSGSEND = YES;
				ENABLE_TESTABILITY = YES;
				GCC_C_LANGUAGE_STANDARD = gnu11;
				GCC_DYNAMIC_NO_PIC = NO;
				GCC_NO_COMMON_BLOCKS = YES;
				GCC_OPTIMIZATION_LEVEL = 0;
				GCC_PREPROCESSOR_DEFINITIONS = (
					"DEBUG=1",
					"$(inherited)",
				);
				GCC_WARN_64_TO_32_BIT_CONVERSION = YES;
				GCC_WARN_ABOUT_RETURN_TYPE = YES_ERROR;
				GCC_WARN_UNDECLARED_SELECTOR = YES;
				GCC_WARN_UNINITIALIZED_AUTOS = YES_AGGRESSIVE;
				GCC_WARN_UNUSED_FUNCTION = YES;
				GCC_WARN_UNUSED_VARIABLE = YES;
				MACOSX_DEPLOYMENT_TARGET = 10.12;
				MTL_ENABLE_DEBUG_INFO = YES;
				ONLY_ACTIVE_ARCH = YES;
				SDKROOT = macosx;
			};
			name = Debug;
		};
		AAFE68BD202243600092AEA5 /* Release */ = {
			isa = XCBuildConfiguration;
			buildSettings = {
				ALWAYS_SEARCH_USER_PATHS = NO;
				CLANG_ANALYZER_NONNULL = YES;
				CLANG_ANALYZER_NUMBER_OBJECT_CONVERSION = YES_AGGRESSIVE;
				CLANG_CXX_LANGUAGE_STANDARD = "gnu++14";
				CLANG_CXX_LIBRARY = "libc++";
				CLANG_ENABLE_MODULES = YES;
				CLANG_ENABLE_OBJC_ARC = YES;
				CLANG_WARN_BLOCK_CAPTURE_AUTORELEASING = YES;
				CLANG_WARN_BOOL_CONVERSION = YES;
				CLANG_WARN_COMMA = YES;
				CLANG_WARN_CONSTANT_CONVERSION = YES;
				CLANG_WARN_DIRECT_OBJC_ISA_USAGE = YES_ERROR;
				CLANG_WARN_DOCUMENTATION_COMMENTS = YES;
				CLANG_WARN_EMPTY_BODY = YES;
				CLANG_WARN_ENUM_CONVERSION = YES;
				CLANG_WARN_INFINITE_RECURSION = YES;
				CLANG_WARN_INT_CONVERSION = YES;
				CLANG_WARN_NON_LITERAL_NULL_CONVERSION = YES;
				CLANG_WARN_OBJC_LITERAL_CONVERSION = YES;
				CLANG_WARN_OBJC_ROOT_CLASS = YES_ERROR;
				CLANG_WARN_RANGE_LOOP_ANALYSIS = YES;
				CLANG_WARN_STRICT_PROTOTYPES = YES;
				CLANG_WARN_SUSPICIOUS_MOVE = YES;
				CLANG_WARN_UNGUARDED_AVAILABILITY = YES_AGGRESSIVE;
				CLANG_WARN_UNREACHABLE_CODE = YES;
				CLANG_WARN__DUPLICATE_METHOD_MATCH = YES;
				CODE_SIGN_IDENTITY = "-";
				COPY_PHASE_STRIP = NO;
				DEBUG_INFORMATION_FORMAT = "dwarf-with-dsym";
				ENABLE_NS_ASSERTIONS = NO;
				ENABLE_STRICT_OBJC_MSGSEND = YES;
				GCC_C_LANGUAGE_STANDARD = gnu11;
				GCC_NO_COMMON_BLOCKS = YES;
				GCC_WARN_64_TO_32_BIT_CONVERSION = YES;
				GCC_WARN_ABOUT_RETURN_TYPE = YES_ERROR;
				GCC_WARN_UNDECLARED_SELECTOR = YES;
				GCC_WARN_UNINITIALIZED_AUTOS = YES_AGGRESSIVE;
				GCC_WARN_UNUSED_FUNCTION = YES;
				GCC_WARN_UNUSED_VARIABLE = YES;
				MACOSX_DEPLOYMENT_TARGET = 10.12;
				MTL_ENABLE_DEBUG_INFO = NO;
				SDKROOT = macosx;
			};
			name = Release;
		};
		AAFE68BF202243600092AEA5 /* Debug */ = {
			isa = XCBuildConfiguration;
			buildSettings = {
				CODE_SIGN_STYLE = Automatic;
				PRODUCT_NAME = "$(TARGET_NAME)";
			};
			name = Debug;
		};
		AAFE68C0202243600092AEA5 /* Release */ = {
			isa = XCBuildConfiguration;
			buildSettings = {
				CODE_SIGN_STYLE = Automatic;
				PRODUCT_NAME = "$(TARGET_NAME)";
			};
			name = Release;
		};
/* End XCBuildConfiguration section */

/* Begin XCConfigurationList section */
		AAFE68B2202243600092AEA5 /* Build configuration list for PBXProject "dataStructures" */ = {
			isa = XCConfigurationList;
			buildConfigurations = (
				AAFE68BC202243600092AEA5 /* Debug */,
				AAFE68BD202243600092AEA5 /* Release */,
			);
			defaultConfigurationIsVisible = 0;
			defaultConfigurationName = Release;
		};
		AAFE68BE202243600092AEA5 /* Build configuration list for PBXNativeTarget "dataStructures" */ = {
			isa = XCConfigurationList;
			buildConfigurations = (
				AAFE68BF202243600092AEA5 /* Debug */,
				AAFE68C0202243600092AEA5 /* Release */,
			);
			defaultConfigurationIsVisible = 0;
			defaultConfigurationName = Release;
		};
/* End XCConfigurationList section */
	};
	rootObject = AAFE68AF202243600092AEA5 /* Project object */;
}
